
Microsoft Visual Studio Solution File, Format Version 11.00
# Visual Studio 2010
Project("{8BC9CEB8-8B4A-11D0-8D11-00A0C91BC942}") = "keygen_console", "keygen_console\keygen_console.vcxproj", "{8A2658B4-5F6F-4C17-BB88-3E78A8108A82}"
EndProject
Global
	GlobalSection(SolutionConfigurationPlatforms) = preSolution
		Debug|Win32 = Debug|Win32
		Release|Win32 = Release|Win32
	EndGlobalSection
	GlobalSection(ProjectConfigurationPlatforms) = postSolution
		{8A2658B4-5F6F-4C17-BB88-3E78A8108A82}.Debug|Win32.ActiveCfg = Debug|Win32
		{8A2658B4-5F6F-4C17-BB88-3E78A8108A82}.Debug|Win32.Build.0 = Debug|Win32
		{8A2658B4-5F6F-4C17-BB88-3E78A8108A82}.Release|Win32.ActiveCfg = Release|Win32
		{8A2658B4-5F6F-4C17-BB88-3E78A8108A82}.Release|Win32.Build.0 = Release|Win32
	EndGlobalSection
	GlobalSection(SolutionProperties) = preSolution
		HideSolutionNode = FALSE
	EndGlobalSection
EndGlobal
